<Solution>
  <Project Path="HMSAPI/HMSAPI.csproj" />
  <Project Path="HMSBAL/HMSBAL/HMSBAL.csproj" Id="0d3fb5b0-a466-41f6-ab47-eaff07509d34" />
  <Project Path="HMSDAL/HMSDAL.csproj" Id="6845ba24-130e-40d4-84d8-53a9472fa44e" />
  <Project Path="HMSMAL/HMSMAL.csproj" Id="6840fee8-3a91-4b1f-a123-79dd16f94da1" />
</Solution>
