/*<Solution>
  <Folder Name="/Solution Items/" />
  <Project Path="HMSAPI/HMSAPI.csproj" />
  <Project Path="HMSBAL/HMSBAL.csproj" Id="30a6c810-64aa-4078-8ba8-1a032f3a1fcb" />
  <Project Path="HMSDAL/HMSDAL.csproj" Id="6845ba24-130e-40d4-84d8-53a9472fa44e" />
  <Project Path="HMSMAL/HMSMAL.csproj" Id="6840fee8-3a91-4b1f-a123-79dd16f94da1" />
</Solution>*/
dotnet sln HMSAPI.sln add HMSAPI/HMSAPI.csproj
dotnet sln HMSAPI.sln add HMSBAL/HMSBAL.csproj
dotnet sln HMSAPI.sln add HMSDAL/HMSDAL.csproj
dotnet sln HMSAPI.sln add HMSMAL/HMSMAL.csproj

